
Microsoft Visual Studio Solution File, Format Version 12.00
# Visual Studio Version 17
VisualStudioVersion = 17.11.35312.102
MinimumVisualStudioVersion = 10.0.40219.1
Project("{9A19103F-16F7-4668-BE54-9A1E7A4F7556}") = "Booking App", "Booking App\Booking App.csproj", "{7151029B-8DFC-45AB-B453-1D52B4DC5B2A}"
EndProject
Project("{9A19103F-16F7-4668-BE54-9A1E7A4F7556}") = "BookingEntity", "BookingEntity\BookingEntity.csproj", "{198B8B4D-55C1-4A56-8E94-E4379C2272A7}"
EndProject
Project("{9A19103F-16F7-4668-BE54-9A1E7A4F7556}") = "BookingDao", "BookingDao\BookingDao.csproj", "{CAAB6403-13CF-4D32-80DD-BB12592A24A5}"
EndProject
Project("{9A19103F-16F7-4668-BE54-9A1E7A4F7556}") = "Bookingexception", "Bookingexception\Bookingexception.csproj", "{FA9628EA-FC1A-4EBE-A1C3-B9E300B19D3A}"
EndProject
Project("{9A19103F-16F7-4668-BE54-9A1E7A4F7556}") = "BookingUtil", "BookingUtil\BookingUtil.csproj", "{A25CF0EC-73C0-4B4D-9C4D-D0DBA5950320}"
EndProject
Global
	GlobalSection(SolutionConfigurationPlatforms) = preSolution
		Debug|Any CPU = Debug|Any CPU
		Release|Any CPU = Release|Any CPU
	EndGlobalSection
	GlobalSection(ProjectConfigurationPlatforms) = postSolution
		{7151029B-8DFC-45AB-B453-1D52B4DC5B2A}.Debug|Any CPU.ActiveCfg = Debug|Any CPU
		{7151029B-8DFC-45AB-B453-1D52B4DC5B2A}.Debug|Any CPU.Build.0 = Debug|Any CPU
		{7151029B-8DFC-45AB-B453-1D52B4DC5B2A}.Release|Any CPU.ActiveCfg = Release|Any CPU
		{7151029B-8DFC-45AB-B453-1D52B4DC5B2A}.Release|Any CPU.Build.0 = Release|Any CPU
		{198B8B4D-55C1-4A56-8E94-E4379C2272A7}.Debug|Any CPU.ActiveCfg = Debug|Any CPU
		{198B8B4D-55C1-4A56-8E94-E4379C2272A7}.Debug|Any CPU.Build.0 = Debug|Any CPU
		{198B8B4D-55C1-4A56-8E94-E4379C2272A7}.Release|Any CPU.ActiveCfg = Release|Any CPU
		{198B8B4D-55C1-4A56-8E94-E4379C2272A7}.Release|Any CPU.Build.0 = Release|Any CPU
		{CAAB6403-13CF-4D32-80DD-BB12592A24A5}.Debug|Any CPU.ActiveCfg = Debug|Any CPU
		{CAAB6403-13CF-4D32-80DD-BB12592A24A5}.Debug|Any CPU.Build.0 = Debug|Any CPU
		{CAAB6403-13CF-4D32-80DD-BB12592A24A5}.Release|Any CPU.ActiveCfg = Release|Any CPU
		{CAAB6403-13CF-4D32-80DD-BB12592A24A5}.Release|Any CPU.Build.0 = Release|Any CPU
		{FA9628EA-FC1A-4EBE-A1C3-B9E300B19D3A}.Debug|Any CPU.ActiveCfg = Debug|Any CPU
		{FA9628EA-FC1A-4EBE-A1C3-B9E300B19D3A}.Debug|Any CPU.Build.0 = Debug|Any CPU
		{FA9628EA-FC1A-4EBE-A1C3-B9E300B19D3A}.Release|Any CPU.ActiveCfg = Release|Any CPU
		{FA9628EA-FC1A-4EBE-A1C3-B9E300B19D3A}.Release|Any CPU.Build.0 = Release|Any CPU
		{A25CF0EC-73C0-4B4D-9C4D-D0DBA5950320}.Debug|Any CPU.ActiveCfg = Debug|Any CPU
		{A25CF0EC-73C0-4B4D-9C4D-D0DBA5950320}.Debug|Any CPU.Build.0 = Debug|Any CPU
		{A25CF0EC-73C0-4B4D-9C4D-D0DBA5950320}.Release|Any CPU.ActiveCfg = Release|Any CPU
		{A25CF0EC-73C0-4B4D-9C4D-D0DBA5950320}.Release|Any CPU.Build.0 = Release|Any CPU
	EndGlobalSection
	GlobalSection(SolutionProperties) = preSolution
		HideSolutionNode = FALSE
	EndGlobalSection
	GlobalSection(ExtensibilityGlobals) = postSolution
		SolutionGuid = {861C1D64-2B74-45FF-BC2D-7ADA7FDD8ECB}
	EndGlobalSection
EndGlobal
